
Microsoft Visual Studio Solution File, Format Version 12.00
# Visual Studio Version 17
VisualStudioVersion = 17.5.33424.131
MinimumVisualStudioVersion = 10.0.40219.1
Project("{FAE04EC0-301F-11D3-BF4B-00C04F79EFBC}") = "ConsoleApp2", "ConsoleApp2.csproj", "{19647AA4-528B-417D-A047-A4240F9AB36C}"
EndProject
Global
	GlobalSection(SolutionConfigurationPlatforms) = preSolution
		Debug|Any CPU = Debug|Any CPU
		Release|Any CPU = Release|Any CPU
	EndGlobalSection
	GlobalSection(ProjectConfigurationPlatforms) = postSolution
		{19647AA4-528B-417D-A047-A4240F9AB36C}.Debug|Any CPU.ActiveCfg = Debug|Any CPU
		{19647AA4-528B-417D-A047-A4240F9AB36C}.Debug|Any CPU.Build.0 = Debug|Any CPU
		{19647AA4-528B-417D-A047-A4240F9AB36C}.Release|Any CPU.ActiveCfg = Release|Any CPU
		{19647AA4-528B-417D-A047-A4240F9AB36C}.Release|Any CPU.Build.0 = Release|Any CPU
	EndGlobalSection
	GlobalSection(SolutionProperties) = preSolution
		HideSolutionNode = FALSE
	EndGlobalSection
	GlobalSection(ExtensibilityGlobals) = postSolution
		SolutionGuid = {53A5971B-4AD6-436A-882A-BD0C3C9B99E9}
	EndGlobalSection
EndGlobal
